
Microsoft Visual Studio Solution File, Format Version 12.00
# Visual Studio Version 16
VisualStudioVersion = 16.0.31025.194
MinimumVisualStudioVersion = 10.0.40219.1
Project("{9A19103F-16F7-4668-BE54-9A1E7A4F7556}") = "DeskBooker.Core.Tests", "DeskBooker.Core.Tests\DeskBooker.Core.Tests.csproj", "{F79E8C0B-95F2-4092-A7E4-5A47BF1E6460}"
EndProject
Project("{9A19103F-16F7-4668-BE54-9A1E7A4F7556}") = "DeskBooker.Core", "DeskBooker.Core\DeskBooker.Core.csproj", "{24FB507D-FF4C-4D27-92F7-98BBBD82641E}"
EndProject
Project("{9A19103F-16F7-4668-BE54-9A1E7A4F7556}") = "DeskBooker.DataAccess", "DeskBooker.DataAccess\DeskBooker.DataAccess.csproj", "{2EB758B0-CB4B-47D5-A991-6348A6C2A1EB}"
EndProject
Project("{9A19103F-16F7-4668-BE54-9A1E7A4F7556}") = "DeskBooker.DataAccess.Tests", "DeskBooker.DataAccess.Tests\DeskBooker.DataAccess.Tests.csproj", "{88541D5B-41BA-4913-A65B-0461ED0C12C4}"
EndProject
Project("{9A19103F-16F7-4668-BE54-9A1E7A4F7556}") = "DeskBooker.Web", "DeskBooker.Web\DeskBooker.Web.csproj", "{B550AF28-F3AE-4F37-AB24-2401A93C5D61}"
EndProject
Project("{FAE04EC0-301F-11D3-BF4B-00C04F79EFBC}") = "DeskBooker.Web.Tests", "DeskBooker.Web.Tests\DeskBooker.Web.Tests.csproj", "{4D6699EA-9AC9-4542-B347-0D9488085927}"
EndProject
Global
	GlobalSection(SolutionConfigurationPlatforms) = preSolution
		Debug|Any CPU = Debug|Any CPU
		Release|Any CPU = Release|Any CPU
	EndGlobalSection
	GlobalSection(ProjectConfigurationPlatforms) = postSolution
		{F79E8C0B-95F2-4092-A7E4-5A47BF1E6460}.Debug|Any CPU.ActiveCfg = Debug|Any CPU
		{F79E8C0B-95F2-4092-A7E4-5A47BF1E6460}.Debug|Any CPU.Build.0 = Debug|Any CPU
		{F79E8C0B-95F2-4092-A7E4-5A47BF1E6460}.Release|Any CPU.ActiveCfg = Release|Any CPU
		{F79E8C0B-95F2-4092-A7E4-5A47BF1E6460}.Release|Any CPU.Build.0 = Release|Any CPU
		{24FB507D-FF4C-4D27-92F7-98BBBD82641E}.Debug|Any CPU.ActiveCfg = Debug|Any CPU
		{24FB507D-FF4C-4D27-92F7-98BBBD82641E}.Debug|Any CPU.Build.0 = Debug|Any CPU
		{24FB507D-FF4C-4D27-92F7-98BBBD82641E}.Release|Any CPU.ActiveCfg = Release|Any CPU
		{24FB507D-FF4C-4D27-92F7-98BBBD82641E}.Release|Any CPU.Build.0 = Release|Any CPU
		{2EB758B0-CB4B-47D5-A991-6348A6C2A1EB}.Debug|Any CPU.ActiveCfg = Debug|Any CPU
		{2EB758B0-CB4B-47D5-A991-6348A6C2A1EB}.Debug|Any CPU.Build.0 = Debug|Any CPU
		{2EB758B0-CB4B-47D5-A991-6348A6C2A1EB}.Release|Any CPU.ActiveCfg = Release|Any CPU
		{2EB758B0-CB4B-47D5-A991-6348A6C2A1EB}.Release|Any CPU.Build.0 = Release|Any CPU
		{88541D5B-41BA-4913-A65B-0461ED0C12C4}.Debug|Any CPU.ActiveCfg = Debug|Any CPU
		{88541D5B-41BA-4913-A65B-0461ED0C12C4}.Debug|Any CPU.Build.0 = Debug|Any CPU
		{88541D5B-41BA-4913-A65B-0461ED0C12C4}.Release|Any CPU.ActiveCfg = Release|Any CPU
		{88541D5B-41BA-4913-A65B-0461ED0C12C4}.Release|Any CPU.Build.0 = Release|Any CPU
		{B550AF28-F3AE-4F37-AB24-2401A93C5D61}.Debug|Any CPU.ActiveCfg = Debug|Any CPU
		{B550AF28-F3AE-4F37-AB24-2401A93C5D61}.Debug|Any CPU.Build.0 = Debug|Any CPU
		{B550AF28-F3AE-4F37-AB24-2401A93C5D61}.Release|Any CPU.ActiveCfg = Release|Any CPU
		{B550AF28-F3AE-4F37-AB24-2401A93C5D61}.Release|Any CPU.Build.0 = Release|Any CPU
		{4D6699EA-9AC9-4542-B347-0D9488085927}.Debug|Any CPU.ActiveCfg = Debug|Any CPU
		{4D6699EA-9AC9-4542-B347-0D9488085927}.Debug|Any CPU.Build.0 = Debug|Any CPU
		{4D6699EA-9AC9-4542-B347-0D9488085927}.Release|Any CPU.ActiveCfg = Release|Any CPU
		{4D6699EA-9AC9-4542-B347-0D9488085927}.Release|Any CPU.Build.0 = Release|Any CPU
	EndGlobalSection
	GlobalSection(SolutionProperties) = preSolution
		HideSolutionNode = FALSE
	EndGlobalSection
	GlobalSection(ExtensibilityGlobals) = postSolution
		SolutionGuid = {832CF660-0E68-42F6-8A06-CA03A7C1E318}
	EndGlobalSection
EndGlobal
